
Microsoft Visual Studio Solution File, Format Version 12.00
# Visual Studio Version 17
VisualStudioVersion = 17.5.002.0
MinimumVisualStudioVersion = 10.0.40219.1
Project("{9A19103F-16F7-4668-BE54-9A1E7A4F7556}") = "ClasseOB", "ClasseOB\ClasseOB.csproj", "{D975BC4B-74B8-496D-97D5-6FD2F632522B}"
EndProject
Global
	GlobalSection(SolutionConfigurationPlatforms) = preSolution
		Debug|Any CPU = Debug|Any CPU
		Release|Any CPU = Release|Any CPU
	EndGlobalSection
	GlobalSection(ProjectConfigurationPlatforms) = postSolution
		{D975BC4B-74B8-496D-97D5-6FD2F632522B}.Debug|Any CPU.ActiveCfg = Debug|Any CPU
		{D975BC4B-74B8-496D-97D5-6FD2F632522B}.Debug|Any CPU.Build.0 = Debug|Any CPU
		{D975BC4B-74B8-496D-97D5-6FD2F632522B}.Release|Any CPU.ActiveCfg = Release|Any CPU
		{D975BC4B-74B8-496D-97D5-6FD2F632522B}.Release|Any CPU.Build.0 = Release|Any CPU
	EndGlobalSection
	GlobalSection(SolutionProperties) = preSolution
		HideSolutionNode = FALSE
	EndGlobalSection
	GlobalSection(ExtensibilityGlobals) = postSolution
		SolutionGuid = {186BA6A4-EB3F-49A8-90E2-89E3B955BA3A}
	EndGlobalSection
EndGlobal
